
Microsoft Visual Studio Solution File, Format Version 12.00
# Visual Studio Version 16
VisualStudioVersion = 16.0.30320.27
MinimumVisualStudioVersion = 10.0.40219.1
Project("{2150E333-8FDC-42A3-9474-1A3956D46DE8}") = "02 - Services", "02 - Services", "{B27468A3-E25A-4B2C-A5CB-088F5AFC6EBB}"
EndProject
Project("{2150E333-8FDC-42A3-9474-1A3956D46DE8}") = "01 - Presentation", "01 - Presentation", "{029E4569-13BC-4B47-B313-355BC42D96AC}"
EndProject
Project("{2150E333-8FDC-42A3-9474-1A3956D46DE8}") = "03 - Application", "03 - Application", "{1EBC84B5-49B5-4544-95BB-09872D3ED6B8}"
EndProject
Project("{2150E333-8FDC-42A3-9474-1A3956D46DE8}") = "04 - Domain", "04 - Domain", "{915F4634-B082-4B9F-82D1-AFF06B8BB9F9}"
EndProject
Project("{2150E333-8FDC-42A3-9474-1A3956D46DE8}") = "05 - Infrastructure", "05 - Infrastructure", "{E97A05C5-3A47-4FA2-9223-244BDF6CB75F}"
EndProject
Project("{9A19103F-16F7-4668-BE54-9A1E7A4F7556}") = "Restaurant.Application", "Restaurant.Application\Restaurant.Application.csproj", "{06C71598-DCB9-4E88-A160-214A953B3221}"
EndProject
Project("{9A19103F-16F7-4668-BE54-9A1E7A4F7556}") = "Restaurant.Domain", "Restaurant.Domain\Restaurant.Domain.csproj", "{259097D7-4981-4E5F-8B59-17160A8AC1A5}"
EndProject
Project("{9A19103F-16F7-4668-BE54-9A1E7A4F7556}") = "Restaurant.Infra.Data", "Restaurant.Infra.Data\Restaurant.Infra.Data.csproj", "{65E35E4C-9C9C-4CE5-986B-093BF905C91B}"
EndProject
Project("{9A19103F-16F7-4668-BE54-9A1E7A4F7556}") = "Restaurant.Infra.IoC", "Restaurant.Infra.IoC\Restaurant.Infra.IoC.csproj", "{76A6B015-2D75-4E45-80FC-2590403A274A}"
EndProject
Project("{FAE04EC0-301F-11D3-BF4B-00C04F79EFBC}") = "Restaurant.Services.Api", "Restaurant.Services.Api\Restaurant.Services.Api.csproj", "{913BE767-79DA-4FEC-98AC-8AA1BD30ABBB}"
EndProject
Global
	GlobalSection(SolutionConfigurationPlatforms) = preSolution
		Debug|Any CPU = Debug|Any CPU
		Release|Any CPU = Release|Any CPU
	EndGlobalSection
	GlobalSection(ProjectConfigurationPlatforms) = postSolution
		{06C71598-DCB9-4E88-A160-214A953B3221}.Debug|Any CPU.ActiveCfg = Debug|Any CPU
		{06C71598-DCB9-4E88-A160-214A953B3221}.Debug|Any CPU.Build.0 = Debug|Any CPU
		{06C71598-DCB9-4E88-A160-214A953B3221}.Release|Any CPU.ActiveCfg = Release|Any CPU
		{06C71598-DCB9-4E88-A160-214A953B3221}.Release|Any CPU.Build.0 = Release|Any CPU
		{259097D7-4981-4E5F-8B59-17160A8AC1A5}.Debug|Any CPU.ActiveCfg = Debug|Any CPU
		{259097D7-4981-4E5F-8B59-17160A8AC1A5}.Debug|Any CPU.Build.0 = Debug|Any CPU
		{259097D7-4981-4E5F-8B59-17160A8AC1A5}.Release|Any CPU.ActiveCfg = Release|Any CPU
		{259097D7-4981-4E5F-8B59-17160A8AC1A5}.Release|Any CPU.Build.0 = Release|Any CPU
		{65E35E4C-9C9C-4CE5-986B-093BF905C91B}.Debug|Any CPU.ActiveCfg = Debug|Any CPU
		{65E35E4C-9C9C-4CE5-986B-093BF905C91B}.Debug|Any CPU.Build.0 = Debug|Any CPU
		{65E35E4C-9C9C-4CE5-986B-093BF905C91B}.Release|Any CPU.ActiveCfg = Release|Any CPU
		{65E35E4C-9C9C-4CE5-986B-093BF905C91B}.Release|Any CPU.Build.0 = Release|Any CPU
		{76A6B015-2D75-4E45-80FC-2590403A274A}.Debug|Any CPU.ActiveCfg = Debug|Any CPU
		{76A6B015-2D75-4E45-80FC-2590403A274A}.Debug|Any CPU.Build.0 = Debug|Any CPU
		{76A6B015-2D75-4E45-80FC-2590403A274A}.Release|Any CPU.ActiveCfg = Release|Any CPU
		{76A6B015-2D75-4E45-80FC-2590403A274A}.Release|Any CPU.Build.0 = Release|Any CPU
		{913BE767-79DA-4FEC-98AC-8AA1BD30ABBB}.Debug|Any CPU.ActiveCfg = Debug|Any CPU
		{913BE767-79DA-4FEC-98AC-8AA1BD30ABBB}.Debug|Any CPU.Build.0 = Debug|Any CPU
		{913BE767-79DA-4FEC-98AC-8AA1BD30ABBB}.Release|Any CPU.ActiveCfg = Release|Any CPU
		{913BE767-79DA-4FEC-98AC-8AA1BD30ABBB}.Release|Any CPU.Build.0 = Release|Any CPU
	EndGlobalSection
	GlobalSection(SolutionProperties) = preSolution
		HideSolutionNode = FALSE
	EndGlobalSection
	GlobalSection(NestedProjects) = preSolution
		{06C71598-DCB9-4E88-A160-214A953B3221} = {1EBC84B5-49B5-4544-95BB-09872D3ED6B8}
		{259097D7-4981-4E5F-8B59-17160A8AC1A5} = {915F4634-B082-4B9F-82D1-AFF06B8BB9F9}
		{65E35E4C-9C9C-4CE5-986B-093BF905C91B} = {E97A05C5-3A47-4FA2-9223-244BDF6CB75F}
		{76A6B015-2D75-4E45-80FC-2590403A274A} = {E97A05C5-3A47-4FA2-9223-244BDF6CB75F}
		{913BE767-79DA-4FEC-98AC-8AA1BD30ABBB} = {B27468A3-E25A-4B2C-A5CB-088F5AFC6EBB}
	EndGlobalSection
	GlobalSection(ExtensibilityGlobals) = postSolution
		SolutionGuid = {CB083535-AE20-4EB3-BEAF-0979E9C67853}
	EndGlobalSection
EndGlobal
